# THIS IS AN AUTOGENERATED FILE. DO NOT EDIT THIS FILE DIRECTLY.
# yarn lockfile v1


vue-toastification@^1.7.14:
  version "1.7.14"
  resolved "https://registry.yarnpkg.com/vue-toastification/-/vue-toastification-1.7.14.tgz#4d6af4085f7122463c2821a27f851898b265cc85"
  integrity sha512-khZR8t3NWZ/JJ2MZxXLbesHrRJ8AKa75PY5Zq8yMifF9x8lHq8ljYkC0d2PD9yahooygQB5tcFyRDkbbIPx8hw==
